// !$*UTF8*$!
{
	archiveVersion = 1;
	classes = {
	};
	objectVersion = 46;
	objects = {

/* Begin PBXBuildFile section */
		65D74E0E1CD40F4600739032 /* AppDelegate.swift in Sources */ = {isa = PBXBuildFile; fileRef = 65D74E0D1CD40F4600739032 /* AppDelegate.swift */; };
		65D74E101CD40F4600739032 /* ViewController.swift in Sources */ = {isa = PBXBuildFile; fileRef = 65D74E0F1CD40F4600739032 /* ViewController.swift */; };
		65D74E131CD40F4600739032 /* Main.storyboard in Resources */ = {isa = PBXBuildFile; fileRef = 65D74E111CD40F4600739032 /* Main.storyboard */; };
		65D74E151CD40F4600739032 /* Assets.xcassets in Resources */ = {isa = PBXBuildFile; fileRef = 65D74E141CD40F4600739032 /* Assets.xcassets */; };
		65D74E181CD40F4600739032 /* LaunchScreen.storyboard in Resources */ = {isa = PBXBuildFile; fileRef = 65D74E161CD40F4600739032 /* LaunchScreen.storyboard */; };
		65D74E231CD40F4600739032 /* TrafficSimTests.swift in Sources */ = {isa = PBXBuildFile; fileRef = 65D74E221CD40F4600739032 /* TrafficSimTests.swift */; };
		65D74E2E1CD40F4600739032 /* TrafficSimUITests.swift in Sources */ = {isa = PBXBuildFile; fileRef = 65D74E2D1CD40F4600739032 /* TrafficSimUITests.swift */; };
/* End PBXBuildFile section */

/* Begin PBXContainerItemProxy section */
		65D74E1F1CD40F4600739032 /* PBXContainerItemProxy */ = {
			isa = PBXContainerItemProxy;
			containerPortal = 65D74E021CD40F4600739032 /* Project object */;
			proxyType = 1;
			remoteGlobalIDString = 65D74E091CD40F4600739032;
			remoteInfo = TrafficSim;
		};
		65D74E2A1CD40F4600739032 /* PBXContainerItemProxy */ = {
			isa = PBXContainerItemProxy;
			containerPortal = 65D74E021CD40F4600739032 /* Project object */;
			proxyType = 1;
			remoteGlobalIDString = 65D74E091CD40F4600739032;
			remoteInfo = TrafficSim;
		};
/* End PBXContainerItemProxy section */

/* Begin PBXFileReference section */
		65D74E0A1CD40F4600739032 /* TrafficSim.app */ = {isa = PBXFileReference; explicitFileType = wrapper.application; includeInIndex = 0; path = TrafficSim.app; sourceTree = BUILT_PRODUCTS_DIR; };
		65D74E0D1CD40F4600739032 /* AppDelegate.swift */ = {isa = PBXFileReference; lastKnownFileType = sourcecode.swift; path = AppDelegate.swift; sourceTree = "<group>"; };
		65D74E0F1CD40F4600739032 /* ViewController.swift */ = {isa = PBXFileReference; lastKnownFileType = sourcecode.swift; path = ViewController.swift; sourceTree = "<group>"; };
		65D74E121CD40F4600739032 /* Base */ = {isa = PBXFileReference; lastKnownFileType = file.storyboard; name = Base; path = Base.lproj/Main.storyboard; sourceTree = "<group>"; };
		65D74E141CD40F4600739032 /* Assets.xcassets */ = {isa = PBXFileReference; lastKnownFileType = folder.assetcatalog; path = Assets.xcassets; sourceTree = "<group>"; };
		65D74E171CD40F4600739032 /* Base */ = {isa = PBXFileReference; lastKnownFileType = file.storyboard; name = Base; path = Base.lproj/LaunchScreen.storyboard; sourceTree = "<group>"; };
		65D74E191CD40F4600739032 /* Info.plist */ = {isa = PBXFileReference; lastKnownFileType = text.plist.xml; path = Info.plist; sourceTree = "<group>"; };
		65D74E1E1CD40F4600739032 /* TrafficSimTests.xctest */ = {isa = PBXFileReference; explicitFileType = wrapper.cfbundle; includeInIndex = 0; path = TrafficSimTests.xctest; sourceTree = BUILT_PRODUCTS_DIR; };
		65D74E221CD40F4600739032 /* TrafficSimTests.swift */ = {isa = PBXFileReference; lastKnownFileType = sourcecode.swift; path = TrafficSimTests.swift; sourceTree = "<group>"; };
		65D74E241CD40F4600739032 /* Info.plist */ = {isa = PBXFileReference; lastKnownFileType = text.plist.xml; path = Info.plist; sourceTree = "<group>"; };
		65D74E291CD40F4600739032 /* TrafficSimUITests.xctest */ = {isa = PBXFileReference; explicitFileType = wrapper.cfbundle; includeInIndex = 0; path = TrafficSimUITests.xctest; sourceTree = BUILT_PRODUCTS_DIR; };
		65D74E2D1CD40F4600739032 /* TrafficSimUITests.swift */ = {isa = PBXFileReference; lastKnownFileType = sourcecode.swift; path = TrafficSimUITests.swift; sourceTree = "<group>"; };
		65D74E2F1CD40F4600739032 /* Info.plist */ = {isa = PBXFileReference; lastKnownFileType = text.plist.xml; path = Info.plist; sourceTree = "<group>"; };
/* End PBXFileReference section */

/* Begin PBXFrameworksBuildPhase section */
		65D74E071CD40F4600739032 /* Frameworks */ = {
			isa = PBXFrameworksBuildPhase;
			buildActionMask = 2147483647;
			files = (
			);
			runOnlyForDeploymentPostprocessing = 0;
		};
		65D74E1B1CD40F4600739032 /* Frameworks */ = {
			isa = PBXFrameworksBuildPhase;
			buildActionMask = 2147483647;
			files = (
			);
			runOnlyForDeploymentPostprocessing = 0;
		};
		65D74E261CD40F4600739032 /* Frameworks */ = {
			isa = PBXFrameworksBuildPhase;
			buildActionMask = 2147483647;
			files = (
			);
			runOnlyForDeploymentPostprocessing = 0;
		};
/* End PBXFrameworksBuildPhase section */

/* Begin PBXGroup section */
		65D74E011CD40F4600739032 = {
			isa = PBXGroup;
			children = (
				65D74E0C1CD40F4600739032 /* TrafficSim */,
				65D74E211CD40F4600739032 /* TrafficSimTests */,
				65D74E2C1CD40F4600739032 /* TrafficSimUITests */,
				65D74E0B1CD40F4600739032 /* Products */,
			);
			sourceTree = "<group>";
		};
		65D74E0B1CD40F4600739032 /* Products */ = {
			isa = PBXGroup;
			children = (
				65D74E0A1CD40F4600739032 /* TrafficSim.app */,
				65D74E1E1CD40F4600739032 /* TrafficSimTests.xctest */,
				65D74E291CD40F4600739032 /* TrafficSimUITests.xctest */,
			);
			name = Products;
			sourceTree = "<group>";
		};
		65D74E0C1CD40F4600739032 /* TrafficSim */ = {
			isa = PBXGroup;
			children = (
				65D74E0D1CD40F4600739032 /* AppDelegate.swift */,
				65D74E0F1CD40F4600739032 /* ViewController.swift */,
				65D74E111CD40F4600739032 /* Main.storyboard */,
				65D74E141CD40F4600739032 /* Assets.xcassets */,
				65D74E161CD40F4600739032 /* LaunchScreen.storyboard */,
				65D74E191CD40F4600739032 /* Info.plist */,
			);
			path = TrafficSim;
			sourceTree = "<group>";
		};
		65D74E211CD40F4600739032 /* TrafficSimTests */ = {
			isa = PBXGroup;
			children = (
				65D74E221CD40F4600739032 /* TrafficSimTests.swift */,
				65D74E241CD40F4600739032 /* Info.plist */,
			);
			path = TrafficSimTests;
			sourceTree = "<group>";
		};
		65D74E2C1CD40F4600739032 /* TrafficSimUITests */ = {
			isa = PBXGroup;
			children = (
				65D74E2D1CD40F4600739032 /* TrafficSimUITests.swift */,
				65D74E2F1CD40F4600739032 /* Info.plist */,
			);
			path = TrafficSimUITests;
			sourceTree = "<group>";
		};
/* End PBXGroup section */

/* Begin PBXNativeTarget section */
		65D74E091CD40F4600739032 /* TrafficSim */ = {
			isa = PBXNativeTarget;
			buildConfigurationList = 65D74E321CD40F4600739032 /* Build configuration list for PBXNativeTarget "TrafficSim" */;
			buildPhases = (
				65D74E061CD40F4600739032 /* Sources */,
				65D74E071CD40F4600739032 /* Frameworks */,
				65D74E081CD40F4600739032 /* Resources */,
			);
			buildRules = (
			);
			dependencies = (
			);
			name = TrafficSim;
			productName = TrafficSim;
			productReference = 65D74E0A1CD40F4600739032 /* TrafficSim.app */;
			productType = "com.apple.product-type.application";
		};
		65D74E1D1CD40F4600739032 /* TrafficSimTests */ = {
			isa = PBXNativeTarget;
			buildConfigurationList = 65D74E351CD40F4600739032 /* Build configuration list for PBXNativeTarget "TrafficSimTests" */;
			buildPhases = (
				65D74E1A1CD40F4600739032 /* Sources */,
				65D74E1B1CD40F4600739032 /* Frameworks */,
				65D74E1C1CD40F4600739032 /* Resources */,
			);
			buildRules = (
			);
			dependencies = (
				65D74E201CD40F4600739032 /* PBXTargetDependency */,
			);
			name = TrafficSimTests;
			productName = TrafficSimTests;
			productReference = 65D74E1E1CD40F4600739032 /* TrafficSimTests.xctest */;
			productType = "com.apple.product-type.bundle.unit-test";
		};
		65D74E281CD40F4600739032 /* TrafficSimUITests */ = {
			isa = PBXNativeTarget;
			buildConfigurationList = 65D74E381CD40F4600739032 /* Build configuration list for PBXNativeTarget "TrafficSimUITests" */;
			buildPhases = (
				65D74E251CD40F4600739032 /* Sources */,
				65D74E261CD40F4600739032 /* Frameworks */,
				65D74E271CD40F4600739032 /* Resources */,
			);
			buildRules = (
			);
			dependencies = (
				65D74E2B1CD40F4600739032 /* PBXTargetDependency */,
			);
			name = TrafficSimUITests;
			productName = TrafficSimUITests;
			productReference = 65D74E291CD40F4600739032 /* TrafficSimUITests.xctest */;
			productType = "com.apple.product-type.bundle.ui-testing";
		};
/* End PBXNativeTarget section */

/* Begin PBXProject section */
		65D74E021CD40F4600739032 /* Project object */ = {
			isa = PBXProject;
			attributes = {
				LastSwiftUpdateCheck = 0730;
				LastUpgradeCheck = 0730;
				ORGANIZATIONNAME = "Chris Weld";
				TargetAttributes = {
					65D74E091CD40F4600739032 = {
						CreatedOnToolsVersion = 7.3;
					};
					65D74E1D1CD40F4600739032 = {
						CreatedOnToolsVersion = 7.3;
						TestTargetID = 65D74E091CD40F4600739032;
					};
					65D74E281CD40F4600739032 = {
						CreatedOnToolsVersion = 7.3;
						TestTargetID = 65D74E091CD40F4600739032;
					};
				};
			};
			buildConfigurationList = 65D74E051CD40F4600739032 /* Build configuration list for PBXProject "TrafficSim" */;
			compatibilityVersion = "Xcode 3.2";
			developmentRegion = English;
			hasScannedForEncodings = 0;
			knownRegions = (
				en,
				Base,
			);
			mainGroup = 65D74E011CD40F4600739032;
			productRefGroup = 65D74E0B1CD40F4600739032 /* Products */;
			projectDirPath = "";
			projectRoot = "";
			targets = (
				65D74E091CD40F4600739032 /* TrafficSim */,
				65D74E1D1CD40F4600739032 /* TrafficSimTests */,
				65D74E281CD40F4600739032 /* TrafficSimUITests */,
			);
		};
/* End PBXProject section */

/* Begin PBXResourcesBuildPhase section */
		65D74E081CD40F4600739032 /* Resources */ = {
			isa = PBXResourcesBuildPhase;
			buildActionMask = 2147483647;
			files = (
				65D74E181CD40F4600739032 /* LaunchScreen.storyboard in Resources */,
				65D74E151CD40F4600739032 /* Assets.xcassets in Resources */,
				65D74E131CD40F4600739032 /* Main.storyboard in Resources */,
			);
			runOnlyForDeploymentPostprocessing = 0;
		};
		65D74E1C1CD40F4600739032 /* Resources */ = {
			isa = PBXResourcesBuildPhase;
			buildActionMask = 2147483647;
			files = (
			);
			runOnlyForDeploymentPostprocessing = 0;
		};
		65D74E271CD40F4600739032 /* Resources */ = {
			isa = PBXResourcesBuildPhase;
			buildActionMask = 2147483647;
			files = (
			);
			runOnlyForDeploymentPostprocessing = 0;
		};
/* End PBXResourcesBuildPhase section */

/* Begin PBXSourcesBuildPhase section */
		65D74E061CD40F4600739032 /* Sources */ = {
			isa = PBXSourcesBuildPhase;
			buildActionMask = 2147483647;
			files = (
				65D74E101CD40F4600739032 /* ViewController.swift in Sources */,
				65D74E0E1CD40F4600739032 /* AppDelegate.swift in Sources */,
			);
			runOnlyForDeploymentPostprocessing = 0;
		};
		65D74E1A1CD40F4600739032 /* Sources */ = {
			isa = PBXSourcesBuildPhase;
			buildActionMask = 2147483647;
			files = (
				65D74E231CD40F4600739032 /* TrafficSimTests.swift in Sources */,
			);
			runOnlyForDeploymentPostprocessing = 0;
		};
		65D74E251CD40F4600739032 /* Sources */ = {
			isa = PBXSourcesBuildPhase;
			buildActionMask = 2147483647;
			files = (
				65D74E2E1CD40F4600739032 /* TrafficSimUITests.swift in Sources */,
			);
			runOnlyForDeploymentPostprocessing = 0;
		};
/* End PBXSourcesBuildPhase section */

/* Begin PBXTargetDependency section */
		65D74E201CD40F4600739032 /* PBXTargetDependency */ = {
			isa = PBXTargetDependency;
			target = 65D74E091CD40F4600739032 /* TrafficSim */;
			targetProxy = 65D74E1F1CD40F4600739032 /* PBXContainerItemProxy */;
		};
		65D74E2B1CD40F4600739032 /* PBXTargetDependency */ = {
			isa = PBXTargetDependency;
			target = 65D74E091CD40F4600739032 /* TrafficSim */;
			targetProxy = 65D74E2A1CD40F4600739032 /* PBXContainerItemProxy */;
		};
/* End PBXTargetDependency section */

/* Begin PBXVariantGroup section */
		65D74E111CD40F4600739032 /* Main.storyboard */ = {
			isa = PBXVariantGroup;
			children = (
				65D74E121CD40F4600739032 /* Base */,
			);
			name = Main.storyboard;
			sourceTree = "<group>";
		};
		65D74E161CD40F4600739032 /* LaunchScreen.storyboard */ = {
			isa = PBXVariantGroup;
			children = (
				65D74E171CD40F4600739032 /* Base */,
			);
			name = LaunchScreen.storyboard;
			sourceTree = "<group>";
		};
/* End PBXVariantGroup section */

/* Begin XCBuildConfiguration section */
		65D74E301CD40F4600739032 /* Debug */ = {
			isa = XCBuildConfiguration;
			buildSettings = {
				ALWAYS_SEARCH_USER_PATHS = NO;
				CLANG_ANALYZER_NONNULL = YES;
				CLANG_CXX_LANGUAGE_STANDARD = "gnu++0x";
				CLANG_CXX_LIBRARY = "libc++";
				CLANG_ENABLE_MODULES = YES;
				CLANG_ENABLE_OBJC_ARC = YES;
				CLANG_WARN_BOOL_CONVERSION = YES;
				CLANG_WARN_CONSTANT_CONVERSION = YES;
				CLANG_WARN_DIRECT_OBJC_ISA_USAGE = YES_ERROR;
				CLANG_WARN_EMPTY_BODY = YES;
				CLANG_WARN_ENUM_CONVERSION = YES;
				CLANG_WARN_INT_CONVERSION = YES;
				CLANG_WARN_OBJC_ROOT_CLASS = YES_ERROR;
				CLANG_WARN_UNREACHABLE_CODE = YES;
				CLANG_WARN__DUPLICATE_METHOD_MATCH = YES;
				"CODE_SIGN_IDENTITY[sdk=iphoneos*]" = "iPhone Developer";
				COPY_PHASE_STRIP = NO;
				DEBUG_INFORMATION_FORMAT = dwarf;
				ENABLE_STRICT_OBJC_MSGSEND = YES;
				ENABLE_TESTABILITY = YES;
				GCC_C_LANGUAGE_STANDARD = gnu99;
				GCC_DYNAMIC_NO_PIC = NO;
				GCC_NO_COMMON_BLOCKS = YES;
				GCC_OPTIMIZATION_LEVEL = 0;
				GCC_PREPROCESSOR_DEFINITIONS = (
					"DEBUG=1",
					"$(inherited)",
				);
				GCC_WARN_64_TO_32_BIT_CONVERSION = YES;
				GCC_WARN_ABOUT_RETURN_TYPE = YES_ERROR;
				GCC_WARN_UNDECLARED_SELECTOR = YES;
				GCC_WARN_UNINITIALIZED_AUTOS = YES_AGGRESSIVE;
				GCC_WARN_UNUSED_FUNCTION = YES;
				GCC_WARN_UNUSED_VARIABLE = YES;
				IPHONEOS_DEPLOYMENT_TARGET = 9.3;
				MTL_ENABLE_DEBUG_INFO = YES;
				ONLY_ACTIVE_ARCH = YES;
				SDKROOT = iphoneos;
				SWIFT_OPTIMIZATION_LEVEL = "-Onone";
				TARGETED_DEVICE_FAMILY = "1,2";
			};
			name = Debug;
		};
		65D74E311CD40F4600739032 /* Release */ = {
			isa = XCBuildConfiguration;
			buildSettings = {
				ALWAYS_SEARCH_USER_PATHS = NO;
				CLANG_ANALYZER_NONNULL = YES;
				CLANG_CXX_LANGUAGE_STANDARD = "gnu++0x";
				CLANG_CXX_LIBRARY = "libc++";
				CLANG_ENABLE_MODULES = YES;
				CLANG_ENABLE_OBJC_ARC = YES;
				CLANG_WARN_BOOL_CONVERSION = YES;
				CLANG_WARN_CONSTANT_CONVERSION = YES;
				CLANG_WARN_DIRECT_OBJC_ISA_USAGE = YES_ERROR;
				CLANG_WARN_EMPTY_BODY = YES;
				CLANG_WARN_ENUM_CONVERSION = YES;
				CLANG_WARN_INT_CONVERSION = YES;
				CLANG_WARN_OBJC_ROOT_CLASS = YES_ERROR;
				CLANG_WARN_UNREACHABLE_CODE = YES;
				CLANG_WARN__DUPLICATE_METHOD_MATCH = YES;
				"CODE_SIGN_IDENTITY[sdk=iphoneos*]" = "iPhone Developer";
				COPY_PHASE_STRIP = NO;
				DEBUG_INFORMATION_FORMAT = "dwarf-with-dsym";
				ENABLE_NS_ASSERTIONS = NO;
				ENABLE_STRICT_OBJC_MSGSEND = YES;
				GCC_C_LANGUAGE_STANDARD = gnu99;
				GCC_NO_COMMON_BLOCKS = YES;
				GCC_WARN_64_TO_32_BIT_CONVERSION = YES;
				GCC_WARN_ABOUT_RETURN_TYPE = YES_ERROR;
				GCC_WARN_UNDECLARED_SELECTOR = YES;
				GCC_WARN_UNINITIALIZED_AUTOS = YES_AGGRESSIVE;
				GCC_WARN_UNUSED_FUNCTION = YES;
				GCC_WARN_UNUSED_VARIABLE = YES;
				IPHONEOS_DEPLOYMENT_TARGET = 9.3;
				MTL_ENABLE_DEBUG_INFO = NO;
				SDKROOT = iphoneos;
				TARGETED_DEVICE_FAMILY = "1,2";
				VALIDATE_PRODUCT = YES;
			};
			name = Release;
		};
		65D74E331CD40F4600739032 /* Debug */ = {
			isa = XCBuildConfiguration;
			buildSettings = {
				ASSETCATALOG_COMPILER_APPICON_NAME = AppIcon;
				INFOPLIST_FILE = TrafficSim/Info.plist;
				LD_RUNPATH_SEARCH_PATHS = "$(inherited) @executable_path/Frameworks";
				PRODUCT_BUNDLE_IDENTIFIER = com.salesforce.thundertraffic.TrafficSim;
				PRODUCT_NAME = "$(TARGET_NAME)";
			};
			name = Debug;
		};
		65D74E341CD40F4600739032 /* Release */ = {
			isa = XCBuildConfiguration;
			buildSettings = {
				ASSETCATALOG_COMPILER_APPICON_NAME = AppIcon;
				INFOPLIST_FILE = TrafficSim/Info.plist;
				LD_RUNPATH_SEARCH_PATHS = "$(inherited) @executable_path/Frameworks";
				PRODUCT_BUNDLE_IDENTIFIER = com.salesforce.thundertraffic.TrafficSim;
				PRODUCT_NAME = "$(TARGET_NAME)";
			};
			name = Release;
		};
		65D74E361CD40F4600739032 /* Debug */ = {
			isa = XCBuildConfiguration;
			buildSettings = {
				BUNDLE_LOADER = "$(TEST_HOST)";
				INFOPLIST_FILE = TrafficSimTests/Info.plist;
				LD_RUNPATH_SEARCH_PATHS = "$(inherited) @executable_path/Frameworks @loader_path/Frameworks";
				PRODUCT_BUNDLE_IDENTIFIER = com.salesforce.thundertraffic.TrafficSimTests;
				PRODUCT_NAME = "$(TARGET_NAME)";
				TEST_HOST = "$(BUILT_PRODUCTS_DIR)/TrafficSim.app/TrafficSim";
			};
			name = Debug;
		};
		65D74E371CD40F4600739032 /* Release */ = {
			isa = XCBuildConfiguration;
			buildSettings = {
				BUNDLE_LOADER = "$(TEST_HOST)";
				INFOPLIST_FILE = TrafficSimTests/Info.plist;
				LD_RUNPATH_SEARCH_PATHS = "$(inherited) @executable_path/Frameworks @loader_path/Frameworks";
				PRODUCT_BUNDLE_IDENTIFIER = com.salesforce.thundertraffic.TrafficSimTests;
				PRODUCT_NAME = "$(TARGET_NAME)";
				TEST_HOST = "$(BUILT_PRODUCTS_DIR)/TrafficSim.app/TrafficSim";
			};
			name = Release;
		};
		65D74E391CD40F4600739032 /* Debug */ = {
			isa = XCBuildConfiguration;
			buildSettings = {
				INFOPLIST_FILE = TrafficSimUITests/Info.plist;
				LD_RUNPATH_SEARCH_PATHS = "$(inherited) @executable_path/Frameworks @loader_path/Frameworks";
				PRODUCT_BUNDLE_IDENTIFIER = com.salesforce.thundertraffic.TrafficSimUITests;
				PRODUCT_NAME = "$(TARGET_NAME)";
				TEST_TARGET_NAME = TrafficSim;
			};
			name = Debug;
		};
		65D74E3A1CD40F4600739032 /* Release */ = {
			isa = XCBuildConfiguration;
			buildSettings = {
				INFOPLIST_FILE = TrafficSimUITests/Info.plist;
				LD_RUNPATH_SEARCH_PATHS = "$(inherited) @executable_path/Frameworks @loader_path/Frameworks";
				PRODUCT_BUNDLE_IDENTIFIER = com.salesforce.thundertraffic.TrafficSimUITests;
				PRODUCT_NAME = "$(TARGET_NAME)";
				TEST_TARGET_NAME = TrafficSim;
			};
			name = Release;
		};
/* End XCBuildConfiguration section */

/* Begin XCConfigurationList section */
		65D74E051CD40F4600739032 /* Build configuration list for PBXProject "TrafficSim" */ = {
			isa = XCConfigurationList;
			buildConfigurations = (
				65D74E301CD40F4600739032 /* Debug */,
				65D74E311CD40F4600739032 /* Release */,
			);
			defaultConfigurationIsVisible = 0;
			defaultConfigurationName = Release;
		};
		65D74E321CD40F4600739032 /* Build configuration list for PBXNativeTarget "TrafficSim" */ = {
			isa = XCConfigurationList;
			buildConfigurations = (
				65D74E331CD40F4600739032 /* Debug */,
				65D74E341CD40F4600739032 /* Release */,
			);
			defaultConfigurationIsVisible = 0;
		};
		65D74E351CD40F4600739032 /* Build configuration list for PBXNativeTarget "TrafficSimTests" */ = {
			isa = XCConfigurationList;
			buildConfigurations = (
				65D74E361CD40F4600739032 /* Debug */,
				65D74E371CD40F4600739032 /* Release */,
			);
			defaultConfigurationIsVisible = 0;
		};
		65D74E381CD40F4600739032 /* Build configuration list for PBXNativeTarget "TrafficSimUITests" */ = {
			isa = XCConfigurationList;
			buildConfigurations = (
				65D74E391CD40F4600739032 /* Debug */,
				65D74E3A1CD40F4600739032 /* Release */,
			);
			defaultConfigurationIsVisible = 0;
		};
/* End XCConfigurationList section */
	};
	rootObject = 65D74E021CD40F4600739032 /* Project object */;
}
